
Microsoft Visual Studio Solution File, Format Version 12.00
# Visual Studio Version 16
VisualStudioVersion = 16.0.31829.152
MinimumVisualStudioVersion = 10.0.40219.1
Project("{FAE04EC0-301F-11D3-BF4B-00C04F79EFBC}") = "Hw5", "Hw5\Hw5.csproj", "{7A3DB48B-2095-4770-94E1-00AD3134D0AD}"
EndProject
Global
	GlobalSection(SolutionConfigurationPlatforms) = preSolution
		Debug|Any CPU = Debug|Any CPU
		Release|Any CPU = Release|Any CPU
	EndGlobalSection
	GlobalSection(ProjectConfigurationPlatforms) = postSolution
		{7A3DB48B-2095-4770-94E1-00AD3134D0AD}.Debug|Any CPU.ActiveCfg = Debug|Any CPU
		{7A3DB48B-2095-4770-94E1-00AD3134D0AD}.Debug|Any CPU.Build.0 = Debug|Any CPU
		{7A3DB48B-2095-4770-94E1-00AD3134D0AD}.Release|Any CPU.ActiveCfg = Release|Any CPU
		{7A3DB48B-2095-4770-94E1-00AD3134D0AD}.Release|Any CPU.Build.0 = Release|Any CPU
	EndGlobalSection
	GlobalSection(SolutionProperties) = preSolution
		HideSolutionNode = FALSE
	EndGlobalSection
	GlobalSection(ExtensibilityGlobals) = postSolution
		SolutionGuid = {1C9E0478-2D31-40B7-853A-EEB9C78C4374}
	EndGlobalSection
EndGlobal
